
Microsoft Visual Studio Solution File, Format Version 12.00
# Visual Studio Version 17
VisualStudioVersion = 17.2.32616.157
MinimumVisualStudioVersion = 10.0.40219.1
Project("{FAE04EC0-301F-11D3-BF4B-00C04F79EFBC}") = "BooksApi", "BooksApi\BooksApi.csproj", "{77B00B6F-8527-4965-92FC-392DE0CEC218}"
EndProject
Global
	GlobalSection(SolutionConfigurationPlatforms) = preSolution
		Debug|Any CPU = Debug|Any CPU
		Release|Any CPU = Release|Any CPU
	EndGlobalSection
	GlobalSection(ProjectConfigurationPlatforms) = postSolution
		{77B00B6F-8527-4965-92FC-392DE0CEC218}.Debug|Any CPU.ActiveCfg = Debug|Any CPU
		{77B00B6F-8527-4965-92FC-392DE0CEC218}.Debug|Any CPU.Build.0 = Debug|Any CPU
		{77B00B6F-8527-4965-92FC-392DE0CEC218}.Release|Any CPU.ActiveCfg = Release|Any CPU
		{77B00B6F-8527-4965-92FC-392DE0CEC218}.Release|Any CPU.Build.0 = Release|Any CPU
	EndGlobalSection
	GlobalSection(SolutionProperties) = preSolution
		HideSolutionNode = FALSE
	EndGlobalSection
	GlobalSection(ExtensibilityGlobals) = postSolution
		SolutionGuid = {1C17C6FE-CDA6-4F65-B9E9-FA27D3E27227}
	EndGlobalSection
EndGlobal
